version = 1
revision = 2
requires-python = ">=3.12"

[[package]]
name = "asteval"
version = "1.0.6"
source = { registry = "https://pypi.org/simple" }
sdist = { url = "https://files.pythonhosted.org/packages/2b/f0/ad92c4bc565918713f9a4b54f06d06ec370e48079fdb50cf432befabee8b/asteval-1.0.6.tar.gz", hash = "sha256:1aa8e7304b2e171a90d64dd269b648cacac4e46fe5de54ac0db24776c0c4a19f", size = 52079, upload-time = "2025-01-19T21:44:03.291Z" }
wheels = [
    { url = "https://files.pythonhosted.org/packages/13/ac/19dbba27e891f39feb4170b884da449ee2699ef4ebb88eefeda364bbbbcf/asteval-1.0.6-py3-none-any.whl", hash = "sha256:5e119ed306e39199fd99c881cea0e306b3f3807f050c9be79829fe274c6378dc", size = 22406, upload-time = "2025-01-19T21:44:01.323Z" },
]

[[package]]
name = "attrs"
version = "25.3.0"
source = { registry = "https://pypi.org/simple" }
sdist = { url = "https://files.pythonhosted.org/packages/5a/b0/1367933a8532ee6ff8d63537de4f1177af4bff9f3e829baf7331f595bb24/attrs-25.3.0.tar.gz", hash = "sha256:75d7cefc7fb576747b2c81b4442d4d4a1ce0900973527c011d1030fd3bf4af1b", size = 812032, upload-time = "2025-03-13T11:10:22.779Z" }
wheels = [
    { url = "https://files.pythonhosted.org/packages/77/06/bb80f5f86020c4551da315d78b3ab75e8228f89f0162f2c3a819e407941a/attrs-25.3.0-py3-none-any.whl", hash = "sha256:427318ce031701fea540783410126f03899a97ffc6f61596ad581ac2e40e3bc3", size = 63815, upload-time = "2025-03-13T11:10:21.14Z" },
]

[[package]]
name = "colorama"
version = "0.4.6"
source = { registry = "https://pypi.org/simple" }
sdist = { url = "https://files.pythonhosted.org/packages/d8/53/6f443c9a4a8358a93a6792e2acffb9d9d5cb0a5cfd8802644b7b1c9a02e4/colorama-0.4.6.tar.gz", hash = "sha256:08695f5cb7ed6e0531a20572697297273c47b8cae5a63ffc6d6ed5c201be6e44", size = 27697, upload-time = "2022-10-25T02:36:22.414Z" }
wheels = [
    { url = "https://files.pythonhosted.org/packages/d1/d6/3965ed04c63042e047cb6a3e6ed1a63a35087b6a609aa3a15ed8ac56c221/colorama-0.4.6-py2.py3-none-any.whl", hash = "sha256:4f1d9991f5acc0ca119f9d443620b77f9d6b33703e51011c16baf57afb285fc6", size = 25335, upload-time = "2022-10-25T02:36:20.889Z" },
]

[[package]]
name = "coverage"
version = "7.9.1"
source = { registry = "https://pypi.org/simple" }
sdist = { url = "https://files.pythonhosted.org/packages/e7/e0/98670a80884f64578f0c22cd70c5e81a6e07b08167721c7487b4d70a7ca0/coverage-7.9.1.tar.gz", hash = "sha256:6cf43c78c4282708a28e466316935ec7489a9c487518a77fa68f716c67909cec", size = 813650, upload-time = "2025-06-13T13:02:28.627Z" }
wheels = [
    { url = "https://files.pythonhosted.org/packages/68/d9/7f66eb0a8f2fce222de7bdc2046ec41cb31fe33fb55a330037833fb88afc/coverage-7.9.1-cp312-cp312-macosx_10_13_x86_64.whl", hash = "sha256:a8de12b4b87c20de895f10567639c0797b621b22897b0af3ce4b4e204a743626", size = 212336, upload-time = "2025-06-13T13:01:10.909Z" },
    { url = "https://files.pythonhosted.org/packages/20/20/e07cb920ef3addf20f052ee3d54906e57407b6aeee3227a9c91eea38a665/coverage-7.9.1-cp312-cp312-macosx_11_0_arm64.whl", hash = "sha256:5add197315a054e92cee1b5f686a2bcba60c4c3e66ee3de77ace6c867bdee7cb", size = 212571, upload-time = "2025-06-13T13:01:12.518Z" },
    { url = "https://files.pythonhosted.org/packages/78/f8/96f155de7e9e248ca9c8ff1a40a521d944ba48bec65352da9be2463745bf/coverage-7.9.1-cp312-cp312-manylinux_2_17_aarch64.manylinux2014_aarch64.whl", hash = "sha256:600a1d4106fe66f41e5d0136dfbc68fe7200a5cbe85610ddf094f8f22e1b0300", size = 246377, upload-time = "2025-06-13T13:01:14.87Z" },
    { url = "https://files.pythonhosted.org/packages/3e/cf/1d783bd05b7bca5c10ded5f946068909372e94615a4416afadfe3f63492d/coverage-7.9.1-cp312-cp312-manylinux_2_5_i686.manylinux1_i686.manylinux_2_17_i686.manylinux2014_i686.whl", hash = "sha256:2a876e4c3e5a2a1715a6608906aa5a2e0475b9c0f68343c2ada98110512ab1d8", size = 243394, upload-time = "2025-06-13T13:01:16.23Z" },
    { url = "https://files.pythonhosted.org/packages/02/dd/e7b20afd35b0a1abea09fb3998e1abc9f9bd953bee548f235aebd2b11401/coverage-7.9.1-cp312-cp312-manylinux_2_5_x86_64.manylinux1_x86_64.manylinux_2_17_x86_64.manylinux2014_x86_64.whl", hash = "sha256:81f34346dd63010453922c8e628a52ea2d2ccd73cb2487f7700ac531b247c8a5", size = 245586, upload-time = "2025-06-13T13:01:17.532Z" },
    { url = "https://files.pythonhosted.org/packages/4e/38/b30b0006fea9d617d1cb8e43b1bc9a96af11eff42b87eb8c716cf4d37469/coverage-7.9.1-cp312-cp312-musllinux_1_2_aarch64.whl", hash = "sha256:888f8eee13f2377ce86d44f338968eedec3291876b0b8a7289247ba52cb984cd", size = 245396, upload-time = "2025-06-13T13:01:19.164Z" },
    { url = "https://files.pythonhosted.org/packages/31/e4/4d8ec1dc826e16791f3daf1b50943e8e7e1eb70e8efa7abb03936ff48418/coverage-7.9.1-cp312-cp312-musllinux_1_2_i686.whl", hash = "sha256:9969ef1e69b8c8e1e70d591f91bbc37fc9a3621e447525d1602801a24ceda898", size = 243577, upload-time = "2025-06-13T13:01:22.433Z" },
    { url = "https://files.pythonhosted.org/packages/25/f4/b0e96c5c38e6e40ef465c4bc7f138863e2909c00e54a331da335faf0d81a/coverage-7.9.1-cp312-cp312-musllinux_1_2_x86_64.whl", hash = "sha256:60c458224331ee3f1a5b472773e4a085cc27a86a0b48205409d364272d67140d", size = 244809, upload-time = "2025-06-13T13:01:24.143Z" },
    { url = "https://files.pythonhosted.org/packages/8a/65/27e0a1fa5e2e5079bdca4521be2f5dabf516f94e29a0defed35ac2382eb2/coverage-7.9.1-cp312-cp312-win32.whl", hash = "sha256:5f646a99a8c2b3ff4c6a6e081f78fad0dde275cd59f8f49dc4eab2e394332e74", size = 214724, upload-time = "2025-06-13T13:01:25.435Z" },
    { url = "https://files.pythonhosted.org/packages/9b/a8/d5b128633fd1a5e0401a4160d02fa15986209a9e47717174f99dc2f7166d/coverage-7.9.1-cp312-cp312-win_amd64.whl", hash = "sha256:30f445f85c353090b83e552dcbbdad3ec84c7967e108c3ae54556ca69955563e", size = 215535, upload-time = "2025-06-13T13:01:27.861Z" },
    { url = "https://files.pythonhosted.org/packages/a3/37/84bba9d2afabc3611f3e4325ee2c6a47cd449b580d4a606b240ce5a6f9bf/coverage-7.9.1-cp312-cp312-win_arm64.whl", hash = "sha256:af41da5dca398d3474129c58cb2b106a5d93bbb196be0d307ac82311ca234342", size = 213904, upload-time = "2025-06-13T13:01:29.202Z" },
    { url = "https://files.pythonhosted.org/packages/d0/a7/a027970c991ca90f24e968999f7d509332daf6b8c3533d68633930aaebac/coverage-7.9.1-cp313-cp313-macosx_10_13_x86_64.whl", hash = "sha256:31324f18d5969feef7344a932c32428a2d1a3e50b15a6404e97cba1cc9b2c631", size = 212358, upload-time = "2025-06-13T13:01:30.909Z" },
    { url = "https://files.pythonhosted.org/packages/f2/48/6aaed3651ae83b231556750280682528fea8ac7f1232834573472d83e459/coverage-7.9.1-cp313-cp313-macosx_11_0_arm64.whl", hash = "sha256:0c804506d624e8a20fb3108764c52e0eef664e29d21692afa375e0dd98dc384f", size = 212620, upload-time = "2025-06-13T13:01:32.256Z" },
    { url = "https://files.pythonhosted.org/packages/6c/2a/f4b613f3b44d8b9f144847c89151992b2b6b79cbc506dee89ad0c35f209d/coverage-7.9.1-cp313-cp313-manylinux_2_17_aarch64.manylinux2014_aarch64.whl", hash = "sha256:ef64c27bc40189f36fcc50c3fb8f16ccda73b6a0b80d9bd6e6ce4cffcd810bbd", size = 245788, upload-time = "2025-06-13T13:01:33.948Z" },
    { url = "https://files.pythonhosted.org/packages/04/d2/de4fdc03af5e4e035ef420ed26a703c6ad3d7a07aff2e959eb84e3b19ca8/coverage-7.9.1-cp313-cp313-manylinux_2_5_i686.manylinux1_i686.manylinux_2_17_i686.manylinux2014_i686.whl", hash = "sha256:d4fe2348cc6ec372e25adec0219ee2334a68d2f5222e0cba9c0d613394e12d86", size = 243001, upload-time = "2025-06-13T13:01:35.285Z" },
    { url = "https://files.pythonhosted.org/packages/f5/e8/eed18aa5583b0423ab7f04e34659e51101135c41cd1dcb33ac1d7013a6d6/coverage-7.9.1-cp313-cp313-manylinux_2_5_x86_64.manylinux1_x86_64.manylinux_2_17_x86_64.manylinux2014_x86_64.whl", hash = "sha256:34ed2186fe52fcc24d4561041979a0dec69adae7bce2ae8d1c49eace13e55c43", size = 244985, upload-time = "2025-06-13T13:01:36.712Z" },
    { url = "https://files.pythonhosted.org/packages/17/f8/ae9e5cce8885728c934eaa58ebfa8281d488ef2afa81c3dbc8ee9e6d80db/coverage-7.9.1-cp313-cp313-musllinux_1_2_aarch64.whl", hash = "sha256:25308bd3d00d5eedd5ae7d4357161f4df743e3c0240fa773ee1b0f75e6c7c0f1", size = 245152, upload-time = "2025-06-13T13:01:39.303Z" },
    { url = "https://files.pythonhosted.org/packages/5a/c8/272c01ae792bb3af9b30fac14d71d63371db227980682836ec388e2c57c0/coverage-7.9.1-cp313-cp313-musllinux_1_2_i686.whl", hash = "sha256:73e9439310f65d55a5a1e0564b48e34f5369bee943d72c88378f2d576f5a5751", size = 243123, upload-time = "2025-06-13T13:01:40.727Z" },
    { url = "https://files.pythonhosted.org/packages/8c/d0/2819a1e3086143c094ab446e3bdf07138527a7b88cb235c488e78150ba7a/coverage-7.9.1-cp313-cp313-musllinux_1_2_x86_64.whl", hash = "sha256:37ab6be0859141b53aa89412a82454b482c81cf750de4f29223d52268a86de67", size = 244506, upload-time = "2025-06-13T13:01:42.184Z" },
    { url = "https://files.pythonhosted.org/packages/8b/4e/9f6117b89152df7b6112f65c7a4ed1f2f5ec8e60c4be8f351d91e7acc848/coverage-7.9.1-cp313-cp313-win32.whl", hash = "sha256:64bdd969456e2d02a8b08aa047a92d269c7ac1f47e0c977675d550c9a0863643", size = 214766, upload-time = "2025-06-13T13:01:44.482Z" },
    { url = "https://files.pythonhosted.org/packages/27/0f/4b59f7c93b52c2c4ce7387c5a4e135e49891bb3b7408dcc98fe44033bbe0/coverage-7.9.1-cp313-cp313-win_amd64.whl", hash = "sha256:be9e3f68ca9edb897c2184ad0eee815c635565dbe7a0e7e814dc1f7cbab92c0a", size = 215568, upload-time = "2025-06-13T13:01:45.772Z" },
    { url = "https://files.pythonhosted.org/packages/09/1e/9679826336f8c67b9c39a359352882b24a8a7aee48d4c9cad08d38d7510f/coverage-7.9.1-cp313-cp313-win_arm64.whl", hash = "sha256:1c503289ffef1d5105d91bbb4d62cbe4b14bec4d13ca225f9c73cde9bb46207d", size = 213939, upload-time = "2025-06-13T13:01:47.087Z" },
    { url = "https://files.pythonhosted.org/packages/bb/5b/5c6b4e7a407359a2e3b27bf9c8a7b658127975def62077d441b93a30dbe8/coverage-7.9.1-cp313-cp313t-macosx_10_13_x86_64.whl", hash = "sha256:0b3496922cb5f4215bf5caaef4cf12364a26b0be82e9ed6d050f3352cf2d7ef0", size = 213079, upload-time = "2025-06-13T13:01:48.554Z" },
    { url = "https://files.pythonhosted.org/packages/a2/22/1e2e07279fd2fd97ae26c01cc2186e2258850e9ec125ae87184225662e89/coverage-7.9.1-cp313-cp313t-macosx_11_0_arm64.whl", hash = "sha256:9565c3ab1c93310569ec0d86b017f128f027cab0b622b7af288696d7ed43a16d", size = 213299, upload-time = "2025-06-13T13:01:49.997Z" },
    { url = "https://files.pythonhosted.org/packages/14/c0/4c5125a4b69d66b8c85986d3321520f628756cf524af810baab0790c7647/coverage-7.9.1-cp313-cp313t-manylinux_2_17_aarch64.manylinux2014_aarch64.whl", hash = "sha256:2241ad5dbf79ae1d9c08fe52b36d03ca122fb9ac6bca0f34439e99f8327ac89f", size = 256535, upload-time = "2025-06-13T13:01:51.314Z" },
    { url = "https://files.pythonhosted.org/packages/81/8b/e36a04889dda9960be4263e95e777e7b46f1bb4fc32202612c130a20c4da/coverage-7.9.1-cp313-cp313t-manylinux_2_5_i686.manylinux1_i686.manylinux_2_17_i686.manylinux2014_i686.whl", hash = "sha256:3bb5838701ca68b10ebc0937dbd0eb81974bac54447c55cd58dea5bca8451029", size = 252756, upload-time = "2025-06-13T13:01:54.403Z" },
    { url = "https://files.pythonhosted.org/packages/98/82/be04eff8083a09a4622ecd0e1f31a2c563dbea3ed848069e7b0445043a70/coverage-7.9.1-cp313-cp313t-manylinux_2_5_x86_64.manylinux1_x86_64.manylinux_2_17_x86_64.manylinux2014_x86_64.whl", hash = "sha256:b30a25f814591a8c0c5372c11ac8967f669b97444c47fd794926e175c4047ece", size = 254912, upload-time = "2025-06-13T13:01:56.769Z" },
    { url = "https://files.pythonhosted.org/packages/0f/25/c26610a2c7f018508a5ab958e5b3202d900422cf7cdca7670b6b8ca4e8df/coverage-7.9.1-cp313-cp313t-musllinux_1_2_aarch64.whl", hash = "sha256:2d04b16a6062516df97969f1ae7efd0de9c31eb6ebdceaa0d213b21c0ca1a683", size = 256144, upload-time = "2025-06-13T13:01:58.19Z" },
    { url = "https://files.pythonhosted.org/packages/c5/8b/fb9425c4684066c79e863f1e6e7ecebb49e3a64d9f7f7860ef1688c56f4a/coverage-7.9.1-cp313-cp313t-musllinux_1_2_i686.whl", hash = "sha256:7931b9e249edefb07cd6ae10c702788546341d5fe44db5b6108a25da4dca513f", size = 254257, upload-time = "2025-06-13T13:01:59.645Z" },
    { url = "https://files.pythonhosted.org/packages/93/df/27b882f54157fc1131e0e215b0da3b8d608d9b8ef79a045280118a8f98fe/coverage-7.9.1-cp313-cp313t-musllinux_1_2_x86_64.whl", hash = "sha256:52e92b01041151bf607ee858e5a56c62d4b70f4dac85b8c8cb7fb8a351ab2c10", size = 255094, upload-time = "2025-06-13T13:02:01.37Z" },
    { url = "https://files.pythonhosted.org/packages/41/5f/cad1c3dbed8b3ee9e16fa832afe365b4e3eeab1fb6edb65ebbf745eabc92/coverage-7.9.1-cp313-cp313t-win32.whl", hash = "sha256:684e2110ed84fd1ca5f40e89aa44adf1729dc85444004111aa01866507adf363", size = 215437, upload-time = "2025-06-13T13:02:02.905Z" },
    { url = "https://files.pythonhosted.org/packages/99/4d/fad293bf081c0e43331ca745ff63673badc20afea2104b431cdd8c278b4c/coverage-7.9.1-cp313-cp313t-win_amd64.whl", hash = "sha256:437c576979e4db840539674e68c84b3cda82bc824dd138d56bead1435f1cb5d7", size = 216605, upload-time = "2025-06-13T13:02:05.638Z" },
    { url = "https://files.pythonhosted.org/packages/1f/56/4ee027d5965fc7fc126d7ec1187529cc30cc7d740846e1ecb5e92d31b224/coverage-7.9.1-cp313-cp313t-win_arm64.whl", hash = "sha256:18a0912944d70aaf5f399e350445738a1a20b50fbea788f640751c2ed9208b6c", size = 214392, upload-time = "2025-06-13T13:02:07.642Z" },
    { url = "https://files.pythonhosted.org/packages/08/b8/7ddd1e8ba9701dea08ce22029917140e6f66a859427406579fd8d0ca7274/coverage-7.9.1-py3-none-any.whl", hash = "sha256:66b974b145aa189516b6bf2d8423e888b742517d37872f6ee4c5be0073bd9a3c", size = 204000, upload-time = "2025-06-13T13:02:27.173Z" },
]

[[package]]
name = "dill"
version = "0.4.0"
source = { registry = "https://pypi.org/simple" }
sdist = { url = "https://files.pythonhosted.org/packages/12/80/630b4b88364e9a8c8c5797f4602d0f76ef820909ee32f0bacb9f90654042/dill-0.4.0.tar.gz", hash = "sha256:0633f1d2df477324f53a895b02c901fb961bdbf65a17122586ea7019292cbcf0", size = 186976, upload-time = "2025-04-16T00:41:48.867Z" }
wheels = [
    { url = "https://files.pythonhosted.org/packages/50/3d/9373ad9c56321fdab5b41197068e1d8c25883b3fea29dd361f9b55116869/dill-0.4.0-py3-none-any.whl", hash = "sha256:44f54bf6412c2c8464c14e8243eb163690a9800dbe2c367330883b19c7561049", size = 119668, upload-time = "2025-04-16T00:41:47.671Z" },
]

[[package]]
name = "hypothesis"
version = "6.135.16"
source = { registry = "https://pypi.org/simple" }
dependencies = [
    { name = "attrs" },
    { name = "sortedcontainers" },
]
sdist = { url = "https://files.pythonhosted.org/packages/3f/91/c8d9af23d6a2a0feb7490ab10a3d78e6ac35ae75887c7fe442d14ad6d6f9/hypothesis-6.135.16.tar.gz", hash = "sha256:6131ea0b698e69bad62aae915988b8d00a6ac974351d0830db74c5fffc68c418", size = 452900, upload-time = "2025-06-26T03:36:33.624Z" }
wheels = [
    { url = "https://files.pythonhosted.org/packages/73/e1/196cd69190ba95f2538d577417ac6383a10cb1fabc06917b54e1e437dcaa/hypothesis-6.135.16-py3-none-any.whl", hash = "sha256:0a64697ef0afa4532535209a9bcd99919d59093ff894622e8a001fb773b59d8a", size = 519164, upload-time = "2025-06-26T03:36:30.12Z" },
]

[[package]]
name = "iniconfig"
version = "2.1.0"
source = { registry = "https://pypi.org/simple" }
sdist = { url = "https://files.pythonhosted.org/packages/f2/97/ebf4da567aa6827c909642694d71c9fcf53e5b504f2d96afea02718862f3/iniconfig-2.1.0.tar.gz", hash = "sha256:3abbd2e30b36733fee78f9c7f7308f2d0050e88f0087fd25c2645f63c773e1c7", size = 4793, upload-time = "2025-03-19T20:09:59.721Z" }
wheels = [
    { url = "https://files.pythonhosted.org/packages/2c/e1/e6716421ea10d38022b952c159d5161ca1193197fb744506875fbb87ea7b/iniconfig-2.1.0-py3-none-any.whl", hash = "sha256:9deba5723312380e77435581c6bf4935c94cbfab9b1ed33ef8d238ea168eb760", size = 6050, upload-time = "2025-03-19T20:10:01.071Z" },
]

[[package]]
name = "lmfit"
version = "1.3.3"
source = { registry = "https://pypi.org/simple" }
dependencies = [
    { name = "asteval" },
    { name = "dill" },
    { name = "numpy" },
    { name = "scipy" },
    { name = "uncertainties" },
]
sdist = { url = "https://files.pythonhosted.org/packages/f9/c6/a8b4e4bc6b5a11c7b610083243505d6b693600f2a579b383f292776b1b8e/lmfit-1.3.3.tar.gz", hash = "sha256:73321e6b881f2f686235721a7dfc02af6bb0f030a25efeb66638f62b1c6053a1", size = 632645, upload-time = "2025-03-12T18:28:36.516Z" }
wheels = [
    { url = "https://files.pythonhosted.org/packages/6a/e1/d5aeb89530550c7e797d3528225fa31012490e79c9df5cf72a0f07cc66d3/lmfit-1.3.3-py3-none-any.whl", hash = "sha256:a9e9ec7d0d0ec962cc6c078ad1ec6c8311d3ac0e5f0947a00a91f5509dacc2b2", size = 100241, upload-time = "2025-03-12T18:28:34.819Z" },
]

[[package]]
name = "lxcat-data-parser"
version = "0.1.1"
source = { registry = "https://pypi.org/simple" }
dependencies = [
    { name = "pandas" },
]
wheels = [
    { url = "https://files.pythonhosted.org/packages/ba/a9/829203d7c944ec2759df7f3ca446879ce791e454bdde09399779bde03c0b/lxcat_data_parser-0.1.1-py3-none-any.whl", hash = "sha256:47be40aa452acf65d18dd05474cebd9ffb393540b251e86d01ef9e64fc9c871e", size = 6971, upload-time = "2019-10-11T12:44:50.354Z" },
]

[[package]]
name = "numpy"
version = "1.26.4"
source = { registry = "https://pypi.org/simple" }
sdist = { url = "https://files.pythonhosted.org/packages/65/6e/09db70a523a96d25e115e71cc56a6f9031e7b8cd166c1ac8438307c14058/numpy-1.26.4.tar.gz", hash = "sha256:2a02aba9ed12e4ac4eb3ea9421c420301a0c6460d9830d74a9df87efa4912010", size = 15786129, upload-time = "2024-02-06T00:26:44.495Z" }
wheels = [
    { url = "https://files.pythonhosted.org/packages/95/12/8f2020a8e8b8383ac0177dc9570aad031a3beb12e38847f7129bacd96228/numpy-1.26.4-cp312-cp312-macosx_10_9_x86_64.whl", hash = "sha256:b3ce300f3644fb06443ee2222c2201dd3a89ea6040541412b8fa189341847218", size = 20335901, upload-time = "2024-02-05T23:55:32.801Z" },
    { url = "https://files.pythonhosted.org/packages/75/5b/ca6c8bd14007e5ca171c7c03102d17b4f4e0ceb53957e8c44343a9546dcc/numpy-1.26.4-cp312-cp312-macosx_11_0_arm64.whl", hash = "sha256:03a8c78d01d9781b28a6989f6fa1bb2c4f2d51201cf99d3dd875df6fbd96b23b", size = 13685868, upload-time = "2024-02-05T23:55:56.28Z" },
    { url = "https://files.pythonhosted.org/packages/79/f8/97f10e6755e2a7d027ca783f63044d5b1bc1ae7acb12afe6a9b4286eac17/numpy-1.26.4-cp312-cp312-manylinux_2_17_aarch64.manylinux2014_aarch64.whl", hash = "sha256:9fad7dcb1aac3c7f0584a5a8133e3a43eeb2fe127f47e3632d43d677c66c102b", size = 13925109, upload-time = "2024-02-05T23:56:20.368Z" },
    { url = "https://files.pythonhosted.org/packages/0f/50/de23fde84e45f5c4fda2488c759b69990fd4512387a8632860f3ac9cd225/numpy-1.26.4-cp312-cp312-manylinux_2_17_x86_64.manylinux2014_x86_64.whl", hash = "sha256:675d61ffbfa78604709862923189bad94014bef562cc35cf61d3a07bba02a7ed", size = 17950613, upload-time = "2024-02-05T23:56:56.054Z" },
    { url = "https://files.pythonhosted.org/packages/4c/0c/9c603826b6465e82591e05ca230dfc13376da512b25ccd0894709b054ed0/numpy-1.26.4-cp312-cp312-musllinux_1_1_aarch64.whl", hash = "sha256:ab47dbe5cc8210f55aa58e4805fe224dac469cde56b9f731a4c098b91917159a", size = 13572172, upload-time = "2024-02-05T23:57:21.56Z" },
    { url = "https://files.pythonhosted.org/packages/76/8c/2ba3902e1a0fc1c74962ea9bb33a534bb05984ad7ff9515bf8d07527cadd/numpy-1.26.4-cp312-cp312-musllinux_1_1_x86_64.whl", hash = "sha256:1dda2e7b4ec9dd512f84935c5f126c8bd8b9f2fc001e9f54af255e8c5f16b0e0", size = 17786643, upload-time = "2024-02-05T23:57:56.585Z" },
    { url = "https://files.pythonhosted.org/packages/28/4a/46d9e65106879492374999e76eb85f87b15328e06bd1550668f79f7b18c6/numpy-1.26.4-cp312-cp312-win32.whl", hash = "sha256:50193e430acfc1346175fcbdaa28ffec49947a06918b7b92130744e81e640110", size = 5677803, upload-time = "2024-02-05T23:58:08.963Z" },
    { url = "https://files.pythonhosted.org/packages/16/2e/86f24451c2d530c88daf997cb8d6ac622c1d40d19f5a031ed68a4b73a374/numpy-1.26.4-cp312-cp312-win_amd64.whl", hash = "sha256:08beddf13648eb95f8d867350f6a018a4be2e5ad54c8d8caed89ebca558b2818", size = 15517754, upload-time = "2024-02-05T23:58:36.364Z" },
]

[[package]]
name = "packaging"
version = "25.0"
source = { registry = "https://pypi.org/simple" }
sdist = { url = "https://files.pythonhosted.org/packages/a1/d4/1fc4078c65507b51b96ca8f8c3ba19e6a61c8253c72794544580a7b6c24d/packaging-25.0.tar.gz", hash = "sha256:d443872c98d677bf60f6a1f2f8c1cb748e8fe762d2bf9d3148b5599295b0fc4f", size = 165727, upload-time = "2025-04-19T11:48:59.673Z" }
wheels = [
    { url = "https://files.pythonhosted.org/packages/20/12/38679034af332785aac8774540895e234f4d07f7545804097de4b666afd8/packaging-25.0-py3-none-any.whl", hash = "sha256:29572ef2b1f17581046b3a2227d5c611fb25ec70ca1ba8554b24b0e69331a484", size = 66469, upload-time = "2025-04-19T11:48:57.875Z" },
]

[[package]]
name = "pandas"
version = "1.4.4"
source = { registry = "https://pypi.org/simple" }
dependencies = [
    { name = "numpy" },
    { name = "python-dateutil" },
    { name = "pytz" },
]
sdist = { url = "https://files.pythonhosted.org/packages/1a/3f/bba4f9e41fff332415cdb08063b78a53c813aba1ac02887944657bb30911/pandas-1.4.4.tar.gz", hash = "sha256:ab6c0d738617b675183e5f28db32b5148b694ad9bba0a40c3ea26d96b431db67", size = 4949620, upload-time = "2022-08-31T12:22:41.078Z" }

[[package]]
name = "pluggy"
version = "1.6.0"
source = { registry = "https://pypi.org/simple" }
sdist = { url = "https://files.pythonhosted.org/packages/f9/e2/3e91f31a7d2b083fe6ef3fa267035b518369d9511ffab804f839851d2779/pluggy-1.6.0.tar.gz", hash = "sha256:7dcc130b76258d33b90f61b658791dede3486c3e6bfb003ee5c9bfb396dd22f3", size = 69412, upload-time = "2025-05-15T12:30:07.975Z" }
wheels = [
    { url = "https://files.pythonhosted.org/packages/54/20/4d324d65cc6d9205fabedc306948156824eb9f0ee1633355a8f7ec5c66bf/pluggy-1.6.0-py3-none-any.whl", hash = "sha256:e920276dd6813095e9377c0bc5566d94c932c33b27a3e3945d8389c374dd4746", size = 20538, upload-time = "2025-05-15T12:30:06.134Z" },
]

[[package]]
name = "pygments"
version = "2.19.2"
source = { registry = "https://pypi.org/simple" }
sdist = { url = "https://files.pythonhosted.org/packages/b0/77/a5b8c569bf593b0140bde72ea885a803b82086995367bf2037de0159d924/pygments-2.19.2.tar.gz", hash = "sha256:636cb2477cec7f8952536970bc533bc43743542f70392ae026374600add5b887", size = 4968631, upload-time = "2025-06-21T13:39:12.283Z" }
wheels = [
    { url = "https://files.pythonhosted.org/packages/c7/21/705964c7812476f378728bdf590ca4b771ec72385c533964653c68e86bdc/pygments-2.19.2-py3-none-any.whl", hash = "sha256:86540386c03d588bb81d44bc3928634ff26449851e99741617ecb9037ee5ec0b", size = 1225217, upload-time = "2025-06-21T13:39:07.939Z" },
]

[[package]]
name = "pytest"
version = "8.4.1"
source = { registry = "https://pypi.org/simple" }
dependencies = [
    { name = "colorama", marker = "sys_platform == 'win32'" },
    { name = "iniconfig" },
    { name = "packaging" },
    { name = "pluggy" },
    { name = "pygments" },
]
sdist = { url = "https://files.pythonhosted.org/packages/08/ba/45911d754e8eba3d5a841a5ce61a65a685ff1798421ac054f85aa8747dfb/pytest-8.4.1.tar.gz", hash = "sha256:7c67fd69174877359ed9371ec3af8a3d2b04741818c51e5e99cc1742251fa93c", size = 1517714, upload-time = "2025-06-18T05:48:06.109Z" }
wheels = [
    { url = "https://files.pythonhosted.org/packages/29/16/c8a903f4c4dffe7a12843191437d7cd8e32751d5de349d45d3fe69544e87/pytest-8.4.1-py3-none-any.whl", hash = "sha256:539c70ba6fcead8e78eebbf1115e8b589e7565830d7d006a8723f19ac8a0afb7", size = 365474, upload-time = "2025-06-18T05:48:03.955Z" },
]

[[package]]
name = "pytest-cov"
version = "6.2.1"
source = { registry = "https://pypi.org/simple" }
dependencies = [
    { name = "coverage" },
    { name = "pluggy" },
    { name = "pytest" },
]
sdist = { url = "https://files.pythonhosted.org/packages/18/99/668cade231f434aaa59bbfbf49469068d2ddd945000621d3d165d2e7dd7b/pytest_cov-6.2.1.tar.gz", hash = "sha256:25cc6cc0a5358204b8108ecedc51a9b57b34cc6b8c967cc2c01a4e00d8a67da2", size = 69432, upload-time = "2025-06-12T10:47:47.684Z" }
wheels = [
    { url = "https://files.pythonhosted.org/packages/bc/16/4ea354101abb1287856baa4af2732be351c7bee728065aed451b678153fd/pytest_cov-6.2.1-py3-none-any.whl", hash = "sha256:f5bc4c23f42f1cdd23c70b1dab1bbaef4fc505ba950d53e0081d0730dd7e86d5", size = 24644, upload-time = "2025-06-12T10:47:45.932Z" },
]

[[package]]
name = "python-dateutil"
version = "2.9.0.post0"
source = { registry = "https://pypi.org/simple" }
dependencies = [
    { name = "six" },
]
sdist = { url = "https://files.pythonhosted.org/packages/66/c0/0c8b6ad9f17a802ee498c46e004a0eb49bc148f2fd230864601a86dcf6db/python-dateutil-2.9.0.post0.tar.gz", hash = "sha256:37dd54208da7e1cd875388217d5e00ebd4179249f90fb72437e91a35459a0ad3", size = 342432, upload-time = "2024-03-01T18:36:20.211Z" }
wheels = [
    { url = "https://files.pythonhosted.org/packages/ec/57/56b9bcc3c9c6a792fcbaf139543cee77261f3651ca9da0c93f5c1221264b/python_dateutil-2.9.0.post0-py2.py3-none-any.whl", hash = "sha256:a8b2bc7bffae282281c8140a97d3aa9c14da0b136dfe83f850eea9a5f7470427", size = 229892, upload-time = "2024-03-01T18:36:18.57Z" },
]

[[package]]
name = "pytz"
version = "2025.2"
source = { registry = "https://pypi.org/simple" }
sdist = { url = "https://files.pythonhosted.org/packages/f8/bf/abbd3cdfb8fbc7fb3d4d38d320f2441b1e7cbe29be4f23797b4a2b5d8aac/pytz-2025.2.tar.gz", hash = "sha256:360b9e3dbb49a209c21ad61809c7fb453643e048b38924c765813546746e81c3", size = 320884, upload-time = "2025-03-25T02:25:00.538Z" }
wheels = [
    { url = "https://files.pythonhosted.org/packages/81/c4/34e93fe5f5429d7570ec1fa436f1986fb1f00c3e0f43a589fe2bbcd22c3f/pytz-2025.2-py2.py3-none-any.whl", hash = "sha256:5ddf76296dd8c44c26eb8f4b6f35488f3ccbf6fbbd7adee0b7262d43f0ec2f00", size = 509225, upload-time = "2025-03-25T02:24:58.468Z" },
]

[[package]]
name = "scipy"
version = "1.16.0"
source = { registry = "https://pypi.org/simple" }
dependencies = [
    { name = "numpy" },
]
sdist = { url = "https://files.pythonhosted.org/packages/81/18/b06a83f0c5ee8cddbde5e3f3d0bb9b702abfa5136ef6d4620ff67df7eee5/scipy-1.16.0.tar.gz", hash = "sha256:b5ef54021e832869c8cfb03bc3bf20366cbcd426e02a58e8a58d7584dfbb8f62", size = 30581216, upload-time = "2025-06-22T16:27:55.782Z" }
wheels = [
    { url = "https://files.pythonhosted.org/packages/01/c0/c943bc8d2bbd28123ad0f4f1eef62525fa1723e84d136b32965dcb6bad3a/scipy-1.16.0-cp312-cp312-macosx_10_14_x86_64.whl", hash = "sha256:7eb6bd33cef4afb9fa5f1fb25df8feeb1e52d94f21a44f1d17805b41b1da3180", size = 36459071, upload-time = "2025-06-22T16:19:06.605Z" },
    { url = "https://files.pythonhosted.org/packages/99/0d/270e2e9f1a4db6ffbf84c9a0b648499842046e4e0d9b2275d150711b3aba/scipy-1.16.0-cp312-cp312-macosx_12_0_arm64.whl", hash = "sha256:1dbc8fdba23e4d80394ddfab7a56808e3e6489176d559c6c71935b11a2d59db1", size = 28490500, upload-time = "2025-06-22T16:19:11.775Z" },
    { url = "https://files.pythonhosted.org/packages/1c/22/01d7ddb07cff937d4326198ec8d10831367a708c3da72dfd9b7ceaf13028/scipy-1.16.0-cp312-cp312-macosx_14_0_arm64.whl", hash = "sha256:7dcf42c380e1e3737b343dec21095c9a9ad3f9cbe06f9c05830b44b1786c9e90", size = 20762345, upload-time = "2025-06-22T16:19:15.813Z" },
    { url = "https://files.pythonhosted.org/packages/34/7f/87fd69856569ccdd2a5873fe5d7b5bbf2ad9289d7311d6a3605ebde3a94b/scipy-1.16.0-cp312-cp312-macosx_14_0_x86_64.whl", hash = "sha256:26ec28675f4a9d41587266084c626b02899db373717d9312fa96ab17ca1ae94d", size = 23418563, upload-time = "2025-06-22T16:19:20.746Z" },
    { url = "https://files.pythonhosted.org/packages/f6/f1/e4f4324fef7f54160ab749efbab6a4bf43678a9eb2e9817ed71a0a2fd8de/scipy-1.16.0-cp312-cp312-manylinux2014_aarch64.manylinux_2_17_aarch64.whl", hash = "sha256:952358b7e58bd3197cfbd2f2f2ba829f258404bdf5db59514b515a8fe7a36c52", size = 33203951, upload-time = "2025-06-22T16:19:25.813Z" },
    { url = "https://files.pythonhosted.org/packages/6d/f0/b6ac354a956384fd8abee2debbb624648125b298f2c4a7b4f0d6248048a5/scipy-1.16.0-cp312-cp312-manylinux2014_x86_64.manylinux_2_17_x86_64.whl", hash = "sha256:03931b4e870c6fef5b5c0970d52c9f6ddd8c8d3e934a98f09308377eba6f3824", size = 35070225, upload-time = "2025-06-22T16:19:31.416Z" },
    { url = "https://files.pythonhosted.org/packages/e5/73/5cbe4a3fd4bc3e2d67ffad02c88b83edc88f381b73ab982f48f3df1a7790/scipy-1.16.0-cp312-cp312-musllinux_1_2_aarch64.whl", hash = "sha256:512c4f4f85912767c351a0306824ccca6fd91307a9f4318efe8fdbd9d30562ef", size = 35389070, upload-time = "2025-06-22T16:19:37.387Z" },
    { url = "https://files.pythonhosted.org/packages/86/e8/a60da80ab9ed68b31ea5a9c6dfd3c2f199347429f229bf7f939a90d96383/scipy-1.16.0-cp312-cp312-musllinux_1_2_x86_64.whl", hash = "sha256:e69f798847e9add03d512eaf5081a9a5c9a98757d12e52e6186ed9681247a1ac", size = 37825287, upload-time = "2025-06-22T16:19:43.375Z" },
    { url = "https://files.pythonhosted.org/packages/ea/b5/29fece1a74c6a94247f8a6fb93f5b28b533338e9c34fdcc9cfe7a939a767/scipy-1.16.0-cp312-cp312-win_amd64.whl", hash = "sha256:adf9b1999323ba335adc5d1dc7add4781cb5a4b0ef1e98b79768c05c796c4e49", size = 38431929, upload-time = "2025-06-22T16:19:49.385Z" },
    { url = "https://files.pythonhosted.org/packages/46/95/0746417bc24be0c2a7b7563946d61f670a3b491b76adede420e9d173841f/scipy-1.16.0-cp313-cp313-macosx_10_14_x86_64.whl", hash = "sha256:e9f414cbe9ca289a73e0cc92e33a6a791469b6619c240aa32ee18abdce8ab451", size = 36418162, upload-time = "2025-06-22T16:19:56.3Z" },
    { url = "https://files.pythonhosted.org/packages/19/5a/914355a74481b8e4bbccf67259bbde171348a3f160b67b4945fbc5f5c1e5/scipy-1.16.0-cp313-cp313-macosx_12_0_arm64.whl", hash = "sha256:bbba55fb97ba3cdef9b1ee973f06b09d518c0c7c66a009c729c7d1592be1935e", size = 28465985, upload-time = "2025-06-22T16:20:01.238Z" },
    { url = "https://files.pythonhosted.org/packages/58/46/63477fc1246063855969cbefdcee8c648ba4b17f67370bd542ba56368d0b/scipy-1.16.0-cp313-cp313-macosx_14_0_arm64.whl", hash = "sha256:58e0d4354eacb6004e7aa1cd350e5514bd0270acaa8d5b36c0627bb3bb486974", size = 20737961, upload-time = "2025-06-22T16:20:05.913Z" },
    { url = "https://files.pythonhosted.org/packages/93/86/0fbb5588b73555e40f9d3d6dde24ee6fac7d8e301a27f6f0cab9d8f66ff2/scipy-1.16.0-cp313-cp313-macosx_14_0_x86_64.whl", hash = "sha256:75b2094ec975c80efc273567436e16bb794660509c12c6a31eb5c195cbf4b6dc", size = 23377941, upload-time = "2025-06-22T16:20:10.668Z" },
    { url = "https://files.pythonhosted.org/packages/ca/80/a561f2bf4c2da89fa631b3cbf31d120e21ea95db71fd9ec00cb0247c7a93/scipy-1.16.0-cp313-cp313-manylinux2014_aarch64.manylinux_2_17_aarch64.whl", hash = "sha256:6b65d232157a380fdd11a560e7e21cde34fdb69d65c09cb87f6cc024ee376351", size = 33196703, upload-time = "2025-06-22T16:20:16.097Z" },
    { url = "https://files.pythonhosted.org/packages/11/6b/3443abcd0707d52e48eb315e33cc669a95e29fc102229919646f5a501171/scipy-1.16.0-cp313-cp313-manylinux2014_x86_64.manylinux_2_17_x86_64.whl", hash = "sha256:1d8747f7736accd39289943f7fe53a8333be7f15a82eea08e4afe47d79568c32", size = 35083410, upload-time = "2025-06-22T16:20:21.734Z" },
    { url = "https://files.pythonhosted.org/packages/20/ab/eb0fc00e1e48961f1bd69b7ad7e7266896fe5bad4ead91b5fc6b3561bba4/scipy-1.16.0-cp313-cp313-musllinux_1_2_aarch64.whl", hash = "sha256:eb9f147a1b8529bb7fec2a85cf4cf42bdfadf9e83535c309a11fdae598c88e8b", size = 35387829, upload-time = "2025-06-22T16:20:27.548Z" },
    { url = "https://files.pythonhosted.org/packages/57/9e/d6fc64e41fad5d481c029ee5a49eefc17f0b8071d636a02ceee44d4a0de2/scipy-1.16.0-cp313-cp313-musllinux_1_2_x86_64.whl", hash = "sha256:d2b83c37edbfa837a8923d19c749c1935ad3d41cf196006a24ed44dba2ec4358", size = 37841356, upload-time = "2025-06-22T16:20:35.112Z" },
    { url = "https://files.pythonhosted.org/packages/7c/a7/4c94bbe91f12126b8bf6709b2471900577b7373a4fd1f431f28ba6f81115/scipy-1.16.0-cp313-cp313-win_amd64.whl", hash = "sha256:79a3c13d43c95aa80b87328a46031cf52508cf5f4df2767602c984ed1d3c6bbe", size = 38403710, upload-time = "2025-06-22T16:21:54.473Z" },
    { url = "https://files.pythonhosted.org/packages/47/20/965da8497f6226e8fa90ad3447b82ed0e28d942532e92dd8b91b43f100d4/scipy-1.16.0-cp313-cp313t-macosx_10_14_x86_64.whl", hash = "sha256:f91b87e1689f0370690e8470916fe1b2308e5b2061317ff76977c8f836452a47", size = 36813833, upload-time = "2025-06-22T16:20:43.925Z" },
    { url = "https://files.pythonhosted.org/packages/28/f4/197580c3dac2d234e948806e164601c2df6f0078ed9f5ad4a62685b7c331/scipy-1.16.0-cp313-cp313t-macosx_12_0_arm64.whl", hash = "sha256:88a6ca658fb94640079e7a50b2ad3b67e33ef0f40e70bdb7dc22017dae73ac08", size = 28974431, upload-time = "2025-06-22T16:20:51.302Z" },
    { url = "https://files.pythonhosted.org/packages/8a/fc/e18b8550048d9224426e76906694c60028dbdb65d28b1372b5503914b89d/scipy-1.16.0-cp313-cp313t-macosx_14_0_arm64.whl", hash = "sha256:ae902626972f1bd7e4e86f58fd72322d7f4ec7b0cfc17b15d4b7006efc385176", size = 21246454, upload-time = "2025-06-22T16:20:57.276Z" },
    { url = "https://files.pythonhosted.org/packages/8c/48/07b97d167e0d6a324bfd7484cd0c209cc27338b67e5deadae578cf48e809/scipy-1.16.0-cp313-cp313t-macosx_14_0_x86_64.whl", hash = "sha256:8cb824c1fc75ef29893bc32b3ddd7b11cf9ab13c1127fe26413a05953b8c32ed", size = 23772979, upload-time = "2025-06-22T16:21:03.363Z" },
    { url = "https://files.pythonhosted.org/packages/4c/4f/9efbd3f70baf9582edf271db3002b7882c875ddd37dc97f0f675ad68679f/scipy-1.16.0-cp313-cp313t-manylinux2014_aarch64.manylinux_2_17_aarch64.whl", hash = "sha256:de2db7250ff6514366a9709c2cba35cb6d08498e961cba20d7cff98a7ee88938", size = 33341972, upload-time = "2025-06-22T16:21:11.14Z" },
    { url = "https://files.pythonhosted.org/packages/3f/dc/9e496a3c5dbe24e76ee24525155ab7f659c20180bab058ef2c5fa7d9119c/scipy-1.16.0-cp313-cp313t-manylinux2014_x86_64.manylinux_2_17_x86_64.whl", hash = "sha256:e85800274edf4db8dd2e4e93034f92d1b05c9421220e7ded9988b16976f849c1", size = 35185476, upload-time = "2025-06-22T16:21:19.156Z" },
    { url = "https://files.pythonhosted.org/packages/ce/b3/21001cff985a122ba434c33f2c9d7d1dc3b669827e94f4fc4e1fe8b9dfd8/scipy-1.16.0-cp313-cp313t-musllinux_1_2_aarch64.whl", hash = "sha256:4f720300a3024c237ace1cb11f9a84c38beb19616ba7c4cdcd771047a10a1706", size = 35570990, upload-time = "2025-06-22T16:21:27.797Z" },
    { url = "https://files.pythonhosted.org/packages/e5/d3/7ba42647d6709251cdf97043d0c107e0317e152fa2f76873b656b509ff55/scipy-1.16.0-cp313-cp313t-musllinux_1_2_x86_64.whl", hash = "sha256:aad603e9339ddb676409b104c48a027e9916ce0d2838830691f39552b38a352e", size = 37950262, upload-time = "2025-06-22T16:21:36.976Z" },
    { url = "https://files.pythonhosted.org/packages/eb/c4/231cac7a8385394ebbbb4f1ca662203e9d8c332825ab4f36ffc3ead09a42/scipy-1.16.0-cp313-cp313t-win_amd64.whl", hash = "sha256:f56296fefca67ba605fd74d12f7bd23636267731a72cb3947963e76b8c0a25db", size = 38515076, upload-time = "2025-06-22T16:21:45.694Z" },
]

[[package]]
name = "six"
version = "1.17.0"
source = { registry = "https://pypi.org/simple" }
sdist = { url = "https://files.pythonhosted.org/packages/94/e7/b2c673351809dca68a0e064b6af791aa332cf192da575fd474ed7d6f16a2/six-1.17.0.tar.gz", hash = "sha256:ff70335d468e7eb6ec65b95b99d3a2836546063f63acc5171de367e834932a81", size = 34031, upload-time = "2024-12-04T17:35:28.174Z" }
wheels = [
    { url = "https://files.pythonhosted.org/packages/b7/ce/149a00dd41f10bc29e5921b496af8b574d8413afcd5e30dfa0ed46c2cc5e/six-1.17.0-py2.py3-none-any.whl", hash = "sha256:4721f391ed90541fddacab5acf947aa0d3dc7d27b2e1e8eda2be8970586c3274", size = 11050, upload-time = "2024-12-04T17:35:26.475Z" },
]

[[package]]
name = "sortedcontainers"
version = "2.4.0"
source = { registry = "https://pypi.org/simple" }
sdist = { url = "https://files.pythonhosted.org/packages/e8/c4/ba2f8066cceb6f23394729afe52f3bf7adec04bf9ed2c820b39e19299111/sortedcontainers-2.4.0.tar.gz", hash = "sha256:25caa5a06cc30b6b83d11423433f65d1f9d76c4c6a0c90e3379eaa43b9bfdb88", size = 30594, upload-time = "2021-05-16T22:03:42.897Z" }
wheels = [
    { url = "https://files.pythonhosted.org/packages/32/46/9cb0e58b2deb7f82b84065f37f3bffeb12413f947f9388e4cac22c4621ce/sortedcontainers-2.4.0-py2.py3-none-any.whl", hash = "sha256:a163dcaede0f1c021485e957a39245190e74249897e2ae4b2aa38595db237ee0", size = 29575, upload-time = "2021-05-16T22:03:41.177Z" },
]

[[package]]
name = "syrupy"
version = "4.9.1"
source = { registry = "https://pypi.org/simple" }
dependencies = [
    { name = "pytest" },
]
sdist = { url = "https://files.pythonhosted.org/packages/8c/f8/022d8704a3314f3e96dbd6bbd16ebe119ce30e35f41aabfa92345652fceb/syrupy-4.9.1.tar.gz", hash = "sha256:b7d0fcadad80a7d2f6c4c71917918e8ebe2483e8c703dfc8d49cdbb01081f9a4", size = 52492, upload-time = "2025-03-24T01:36:37.225Z" }
wheels = [
    { url = "https://files.pythonhosted.org/packages/ec/9d/aef9ec5fd5a4ee2f6a96032c4eda5888c5c7cec65cef6b28c4fc37671d88/syrupy-4.9.1-py3-none-any.whl", hash = "sha256:b94cc12ed0e5e75b448255430af642516842a2374a46936dd2650cfb6dd20eda", size = 52214, upload-time = "2025-03-24T01:36:35.278Z" },
]

[[package]]
name = "uncertainties"
version = "3.2.3"
source = { registry = "https://pypi.org/simple" }
sdist = { url = "https://files.pythonhosted.org/packages/fe/0c/cb09f33b26955399c675ab378e4063ed7e48422d3d49f96219ab0be5eba9/uncertainties-3.2.3.tar.gz", hash = "sha256:76a5653e686f617a42922d546a239e9efce72e6b35411b7750a1d12dcba03031", size = 160492, upload-time = "2025-04-21T19:58:28.63Z" }
wheels = [
    { url = "https://files.pythonhosted.org/packages/8f/5e/f1e1dd319e35e962a4e00b33150a8868b6329cc1d19fd533436ba5488f09/uncertainties-3.2.3-py3-none-any.whl", hash = "sha256:313353900d8f88b283c9bad81e7d2b2d3d4bcc330cbace35403faaed7e78890a", size = 60118, upload-time = "2025-04-21T19:58:26.864Z" },
]

[[package]]
name = "xs2arr"
source = { editable = "." }
dependencies = [
    { name = "lmfit" },
    { name = "lxcat-data-parser" },
    { name = "numpy" },
    { name = "pandas" },
]

[package.dev-dependencies]
tests = [
    { name = "hypothesis" },
    { name = "pytest" },
    { name = "pytest-cov" },
    { name = "syrupy" },
]

[package.metadata]
requires-dist = [
    { name = "lmfit", specifier = ">=1.3.3" },
    { name = "lxcat-data-parser", specifier = ">=0.1.1" },
    { name = "numpy", specifier = "<2" },
    { name = "pandas", specifier = "<1.5" },
]
provides-extras = ["tests"]

[package.metadata.requires-dev]
tests = [
    { name = "hypothesis", specifier = ">=6.135.16" },
    { name = "pytest", specifier = ">=8.4.1" },
    { name = "pytest-cov", specifier = ">=6.2.1" },
    { name = "syrupy", specifier = ">=4.9.1" },
]
